
Microsoft Visual Studio Solution File, Format Version 12.00
# Visual Studio 15
VisualStudioVersion = 15.0.28010.2046
MinimumVisualStudioVersion = 10.0.40219.1
Project("{FAE04EC0-301F-11D3-BF4B-00C04F79EFBC}") = "WindowsFormsApp1", "WindowsFormsApp1.csproj", "{ED4BAF69-CA69-450B-B46B-4EA00A19A84D}"
EndProject
Global
	GlobalSection(SolutionConfigurationPlatforms) = preSolution
		Debug|Any CPU = Debug|Any CPU
		Release|Any CPU = Release|Any CPU
	EndGlobalSection
	GlobalSection(ProjectConfigurationPlatforms) = postSolution
		{ED4BAF69-CA69-450B-B46B-4EA00A19A84D}.Debug|Any CPU.ActiveCfg = Debug|Any CPU
		{ED4BAF69-CA69-450B-B46B-4EA00A19A84D}.Debug|Any CPU.Build.0 = Debug|Any CPU
		{ED4BAF69-CA69-450B-B46B-4EA00A19A84D}.Release|Any CPU.ActiveCfg = Release|Any CPU
		{ED4BAF69-CA69-450B-B46B-4EA00A19A84D}.Release|Any CPU.Build.0 = Release|Any CPU
	EndGlobalSection
	GlobalSection(SolutionProperties) = preSolution
		HideSolutionNode = FALSE
	EndGlobalSection
	GlobalSection(ExtensibilityGlobals) = postSolution
		SolutionGuid = {86441944-2937-4085-A4E6-2CA9652989C1}
	EndGlobalSection
EndGlobal
